
Microsoft Visual Studio Solution File, Format Version 12.00
# Visual Studio Version 16
VisualStudioVersion = 16.0.29613.14
MinimumVisualStudioVersion = 10.0.40219.1
Project("{FAE04EC0-301F-11D3-BF4B-00C04F79EFBC}") = "TimeOffManager.Domain", "TimeOffManager.Domain\TimeOffManager.Domain.csproj", "{21C78ECF-612C-44A6-9BF0-2951AF8FDDDF}"
EndProject
Project("{FAE04EC0-301F-11D3-BF4B-00C04F79EFBC}") = "TimeOffManager.Application", "TimeOffManager.Application\TimeOffManager.Application.csproj", "{D4242D18-5B3E-4757-A046-09FFD8172415}"
EndProject
Project("{FAE04EC0-301F-11D3-BF4B-00C04F79EFBC}") = "TimeOffManager.Infrastructure", "TimeOffManager.Infrastructure\TimeOffManager.Infrastructure.csproj", "{46235510-C166-4762-AA3A-01F0F569249D}"
EndProject
Project("{FAE04EC0-301F-11D3-BF4B-00C04F79EFBC}") = "TimeOffManager.Web", "TimeOffManager.Web\TimeOffManager.Web.csproj", "{32C49D85-D9B7-4A76-BE0C-1C3E81388B72}"
EndProject
Project("{FAE04EC0-301F-11D3-BF4B-00C04F79EFBC}") = "TimeOffManager.Startup", "TimeOffManager.Startup\TimeOffManager.Startup.csproj", "{19CC9C9E-AFB6-43EE-9F61-93C1CA84F5DB}"
EndProject
Global
	GlobalSection(SolutionConfigurationPlatforms) = preSolution
		Debug|Any CPU = Debug|Any CPU
		Release|Any CPU = Release|Any CPU
	EndGlobalSection
	GlobalSection(ProjectConfigurationPlatforms) = postSolution
		{21C78ECF-612C-44A6-9BF0-2951AF8FDDDF}.Debug|Any CPU.ActiveCfg = Debug|Any CPU
		{21C78ECF-612C-44A6-9BF0-2951AF8FDDDF}.Debug|Any CPU.Build.0 = Debug|Any CPU
		{21C78ECF-612C-44A6-9BF0-2951AF8FDDDF}.Release|Any CPU.ActiveCfg = Release|Any CPU
		{21C78ECF-612C-44A6-9BF0-2951AF8FDDDF}.Release|Any CPU.Build.0 = Release|Any CPU
		{D4242D18-5B3E-4757-A046-09FFD8172415}.Debug|Any CPU.ActiveCfg = Debug|Any CPU
		{D4242D18-5B3E-4757-A046-09FFD8172415}.Debug|Any CPU.Build.0 = Debug|Any CPU
		{D4242D18-5B3E-4757-A046-09FFD8172415}.Release|Any CPU.ActiveCfg = Release|Any CPU
		{D4242D18-5B3E-4757-A046-09FFD8172415}.Release|Any CPU.Build.0 = Release|Any CPU
		{46235510-C166-4762-AA3A-01F0F569249D}.Debug|Any CPU.ActiveCfg = Debug|Any CPU
		{46235510-C166-4762-AA3A-01F0F569249D}.Debug|Any CPU.Build.0 = Debug|Any CPU
		{46235510-C166-4762-AA3A-01F0F569249D}.Release|Any CPU.ActiveCfg = Release|Any CPU
		{46235510-C166-4762-AA3A-01F0F569249D}.Release|Any CPU.Build.0 = Release|Any CPU
		{32C49D85-D9B7-4A76-BE0C-1C3E81388B72}.Debug|Any CPU.ActiveCfg = Debug|Any CPU
		{32C49D85-D9B7-4A76-BE0C-1C3E81388B72}.Debug|Any CPU.Build.0 = Debug|Any CPU
		{32C49D85-D9B7-4A76-BE0C-1C3E81388B72}.Release|Any CPU.ActiveCfg = Release|Any CPU
		{32C49D85-D9B7-4A76-BE0C-1C3E81388B72}.Release|Any CPU.Build.0 = Release|Any CPU
		{19CC9C9E-AFB6-43EE-9F61-93C1CA84F5DB}.Debug|Any CPU.ActiveCfg = Debug|Any CPU
		{19CC9C9E-AFB6-43EE-9F61-93C1CA84F5DB}.Debug|Any CPU.Build.0 = Debug|Any CPU
		{19CC9C9E-AFB6-43EE-9F61-93C1CA84F5DB}.Release|Any CPU.ActiveCfg = Release|Any CPU
		{19CC9C9E-AFB6-43EE-9F61-93C1CA84F5DB}.Release|Any CPU.Build.0 = Release|Any CPU
	EndGlobalSection
	GlobalSection(SolutionProperties) = preSolution
		HideSolutionNode = FALSE
	EndGlobalSection
	GlobalSection(ExtensibilityGlobals) = postSolution
		SolutionGuid = {5963B841-AFE1-4B6E-904C-88F199330180}
	EndGlobalSection
EndGlobal
